
Microsoft Visual Studio Solution File, Format Version 12.00
# Visual Studio Version 16
VisualStudioVersion = 16.0.28705.295
MinimumVisualStudioVersion = 10.0.40219.1
Project("{2150E333-8FDC-42A3-9474-1A3956D46DE8}") = "src", "src", "{D3FBDDF2-7847-4D8C-B161-A5698822924E}"
EndProject
Project("{2150E333-8FDC-42A3-9474-1A3956D46DE8}") = "test", "test", "{0C35FF12-06C8-40EC-8718-7E76DD476CE1}"
EndProject
Project("{9A19103F-16F7-4668-BE54-9A1E7A4F7556}") = "SimpleBlog", "src\SimpleBlog\SimpleBlog.csproj", "{586760FE-325B-4708-B816-D46E3BD92AE6}"
EndProject
Project("{FAE04EC0-301F-11D3-BF4B-00C04F79EFBC}") = "SimpleBlog.Tests", "test\SimpleBlog.Tests\SimpleBlog.Tests.csproj", "{D97F6D2A-46E9-4785-82F4-A91A2162FE99}"
EndProject
Global
	GlobalSection(SolutionConfigurationPlatforms) = preSolution
		Debug|Any CPU = Debug|Any CPU
		Release|Any CPU = Release|Any CPU
	EndGlobalSection
	GlobalSection(ProjectConfigurationPlatforms) = postSolution
		{586760FE-325B-4708-B816-D46E3BD92AE6}.Debug|Any CPU.ActiveCfg = Debug|Any CPU
		{586760FE-325B-4708-B816-D46E3BD92AE6}.Debug|Any CPU.Build.0 = Debug|Any CPU
		{586760FE-325B-4708-B816-D46E3BD92AE6}.Release|Any CPU.ActiveCfg = Release|Any CPU
		{586760FE-325B-4708-B816-D46E3BD92AE6}.Release|Any CPU.Build.0 = Release|Any CPU
		{D97F6D2A-46E9-4785-82F4-A91A2162FE99}.Debug|Any CPU.ActiveCfg = Debug|Any CPU
		{D97F6D2A-46E9-4785-82F4-A91A2162FE99}.Debug|Any CPU.Build.0 = Debug|Any CPU
		{D97F6D2A-46E9-4785-82F4-A91A2162FE99}.Release|Any CPU.ActiveCfg = Release|Any CPU
		{D97F6D2A-46E9-4785-82F4-A91A2162FE99}.Release|Any CPU.Build.0 = Release|Any CPU
	EndGlobalSection
	GlobalSection(SolutionProperties) = preSolution
		HideSolutionNode = FALSE
	EndGlobalSection
	GlobalSection(NestedProjects) = preSolution
		{586760FE-325B-4708-B816-D46E3BD92AE6} = {D3FBDDF2-7847-4D8C-B161-A5698822924E}
		{D97F6D2A-46E9-4785-82F4-A91A2162FE99} = {0C35FF12-06C8-40EC-8718-7E76DD476CE1}
	EndGlobalSection
	GlobalSection(ExtensibilityGlobals) = postSolution
		SolutionGuid = {38EDD698-3694-42FD-8EC8-24DB1A0520EF}
	EndGlobalSection
EndGlobal
